
Microsoft Visual Studio Solution File, Format Version 12.00
Project("{FAE04EC0-301F-11D3-BF4B-00C04F79EFBC}") = "com.DABM.x00023319", "com.DABM.x00023319\com.DABM.x00023319.csproj", "{6FDF16AD-071E-4482-A864-411ACC955D67}"
EndProject
Global
	GlobalSection(SolutionConfigurationPlatforms) = preSolution
		Debug|Any CPU = Debug|Any CPU
		Release|Any CPU = Release|Any CPU
	EndGlobalSection
	GlobalSection(ProjectConfigurationPlatforms) = postSolution
		{6FDF16AD-071E-4482-A864-411ACC955D67}.Debug|Any CPU.ActiveCfg = Debug|Any CPU
		{6FDF16AD-071E-4482-A864-411ACC955D67}.Debug|Any CPU.Build.0 = Debug|Any CPU
		{6FDF16AD-071E-4482-A864-411ACC955D67}.Release|Any CPU.ActiveCfg = Release|Any CPU
		{6FDF16AD-071E-4482-A864-411ACC955D67}.Release|Any CPU.Build.0 = Release|Any CPU
	EndGlobalSection
EndGlobal
